
Microsoft Visual Studio Solution File, Format Version 12.00
Project("{FAE04EC0-301F-11D3-BF4B-00C04F79EFBC}") = "Locators", "Locators\Locators.csproj", "{AADAA827-12A4-4EC3-A508-59C3A23B3EC2}"
EndProject
Global
	GlobalSection(SolutionConfigurationPlatforms) = preSolution
		Debug|Any CPU = Debug|Any CPU
		Release|Any CPU = Release|Any CPU
	EndGlobalSection
	GlobalSection(ProjectConfigurationPlatforms) = postSolution
		{AADAA827-12A4-4EC3-A508-59C3A23B3EC2}.Debug|Any CPU.ActiveCfg = Debug|Any CPU
		{AADAA827-12A4-4EC3-A508-59C3A23B3EC2}.Debug|Any CPU.Build.0 = Debug|Any CPU
		{AADAA827-12A4-4EC3-A508-59C3A23B3EC2}.Release|Any CPU.ActiveCfg = Release|Any CPU
		{AADAA827-12A4-4EC3-A508-59C3A23B3EC2}.Release|Any CPU.Build.0 = Release|Any CPU
	EndGlobalSection
EndGlobal
