
Microsoft Visual Studio Solution File, Format Version 12.00
Project("{FAE04EC0-301F-11D3-BF4B-00C04F79EFBC}") = "JsonSerialization", "JsonSerialization\JsonSerialization.csproj", "{25F273B9-060B-431C-A54C-20BF5B6D650D}"
EndProject
Global
	GlobalSection(SolutionConfigurationPlatforms) = preSolution
		Debug|Any CPU = Debug|Any CPU
		Release|Any CPU = Release|Any CPU
	EndGlobalSection
	GlobalSection(ProjectConfigurationPlatforms) = postSolution
		{25F273B9-060B-431C-A54C-20BF5B6D650D}.Debug|Any CPU.ActiveCfg = Debug|Any CPU
		{25F273B9-060B-431C-A54C-20BF5B6D650D}.Debug|Any CPU.Build.0 = Debug|Any CPU
		{25F273B9-060B-431C-A54C-20BF5B6D650D}.Release|Any CPU.ActiveCfg = Release|Any CPU
		{25F273B9-060B-431C-A54C-20BF5B6D650D}.Release|Any CPU.Build.0 = Release|Any CPU
	EndGlobalSection
EndGlobal
